{
  "nodes": {
    "crane": {
      "locked": {
        "lastModified": 1739053031,
        "narHash": "sha256-LrMDRuwAlRFD2T4MgBSRd1s2VtOE+Vl1oMCNu3RpPE0=",
        "owner": "ipetkov",
        "repo": "crane",
        "rev": "112e6591b2d6313b1bd05a80a754a8ee42432a7e",
        "type": "github"
      },
      "original": {
        "owner": "ipetkov",
        "ref": "v0.20.1",
        "repo": "crane",
        "type": "github"
      }
    },
    "nixpkgs": {
      "locked": {
        "lastModified": 1782847189,
        "narHash": "sha256-twXPFqFsrrY5r28Zh7Homgcp2gUMBgQ6WDS98Q/3xFI=",
        "owner": "NixOS",
        "repo": "nixpkgs",
        "rev": "b6018f87da91d19d0ab4cf979885689b469cdd41",
        "type": "github"
      },
      "original": {
        "owner": "NixOS",
        "ref": "nixos-25.11",
        "repo": "nixpkgs",
        "type": "github"
      }
    },
    "root": {
      "inputs": {
        "crane": "crane",
        "nixpkgs": "nixpkgs",
        "rust-overlay": "rust-overlay"
      }
    },
    "rust-overlay": {
      "inputs": {
        "nixpkgs": [
          "nixpkgs"
        ]
      },
      "locked": {
        "lastModified": 1788591095,
        "narHash": "sha256-Vh+BeLWfbTT9AecazIsQ/Tkg/RzJeX3lEduANf256WA=",
        "owner": "oxalica",
        "repo": "rust-overlay",
        "rev": "c361047d3a538f547f1617bb6b410411929ac9cc",
        "type": "github"
      },
      "original": {
        "owner": "oxalica",
        "repo": "rust-overlay",
        "type": "github"
      }
    }
  },
  "root": "root",
  "version": 7
}
