# Minimal lockfile used to prove the RustSec gate rejects the previously
# vulnerable version of rustls. The checksum is from the historical lockfile.
version = 4

[[package]]
name = "rustls"
version = "0.23.44"
source = "registry+https://github.com/rust-lang/crates.io-index"
checksum = "6725596c3f2c3a0aef021139e145d4eafe314a6623e4680ca83852b2c67ab2ba"
